
Microsoft Visual Studio Solution File, Format Version 12.00
# Visual Studio Version 17
VisualStudioVersion = 17.8.34330.188
MinimumVisualStudioVersion = 10.0.40219.1
Project("{FAE04EC0-301F-11D3-BF4B-00C04F79EFBC}") = "Dino.GraphqlLib", "Dino.GraphqlLib\Dino.GraphqlLib.csproj", "{5917951D-CCFE-4B54-9C14-C9FC68BA2F6A}"
EndProject
Project("{FAE04EC0-301F-11D3-BF4B-00C04F79EFBC}") = "Dino.GraphqlLib.Tests", "Dino.GraphqlLib.Tests\Dino.GraphqlLib.Tests.csproj", "{3A718599-EC3C-4303-A901-0B1208A381E8}"
EndProject
Project("{FAE04EC0-301F-11D3-BF4B-00C04F79EFBC}") = "Dino.Graphql.Api", "Dino.Graphql.Api\Dino.Graphql.Api.csproj", "{5080447A-1ABE-421A-B9F2-D626EB436337}"
EndProject
Global
	GlobalSection(SolutionConfigurationPlatforms) = preSolution
		Debug|Any CPU = Debug|Any CPU
		Release|Any CPU = Release|Any CPU
	EndGlobalSection
	GlobalSection(ProjectConfigurationPlatforms) = postSolution
		{5917951D-CCFE-4B54-9C14-C9FC68BA2F6A}.Debug|Any CPU.ActiveCfg = Debug|Any CPU
		{5917951D-CCFE-4B54-9C14-C9FC68BA2F6A}.Debug|Any CPU.Build.0 = Debug|Any CPU
		{5917951D-CCFE-4B54-9C14-C9FC68BA2F6A}.Release|Any CPU.ActiveCfg = Release|Any CPU
		{5917951D-CCFE-4B54-9C14-C9FC68BA2F6A}.Release|Any CPU.Build.0 = Release|Any CPU
		{3A718599-EC3C-4303-A901-0B1208A381E8}.Debug|Any CPU.ActiveCfg = Debug|Any CPU
		{3A718599-EC3C-4303-A901-0B1208A381E8}.Debug|Any CPU.Build.0 = Debug|Any CPU
		{3A718599-EC3C-4303-A901-0B1208A381E8}.Release|Any CPU.ActiveCfg = Release|Any CPU
		{3A718599-EC3C-4303-A901-0B1208A381E8}.Release|Any CPU.Build.0 = Release|Any CPU
		{5080447A-1ABE-421A-B9F2-D626EB436337}.Debug|Any CPU.ActiveCfg = Debug|Any CPU
		{5080447A-1ABE-421A-B9F2-D626EB436337}.Debug|Any CPU.Build.0 = Debug|Any CPU
		{5080447A-1ABE-421A-B9F2-D626EB436337}.Release|Any CPU.ActiveCfg = Release|Any CPU
		{5080447A-1ABE-421A-B9F2-D626EB436337}.Release|Any CPU.Build.0 = Release|Any CPU
	EndGlobalSection
	GlobalSection(SolutionProperties) = preSolution
		HideSolutionNode = FALSE
	EndGlobalSection
	GlobalSection(ExtensibilityGlobals) = postSolution
		SolutionGuid = {8927E9FA-89C5-4F0B-A6B8-311C4787A903}
	EndGlobalSection
EndGlobal
